
Microsoft Visual Studio Solution File, Format Version 12.00
# Visual Studio Version 17
VisualStudioVersion = 17.0.32112.339
MinimumVisualStudioVersion = 10.0.40219.1
Project("{9A19103F-16F7-4668-BE54-9A1E7A4F7556}") = "Test", "Test\Test.csproj", "{582E00A2-4FA4-41DC-84AD-EE264A9FF4D8}"
EndProject
Project("{9A19103F-16F7-4668-BE54-9A1E7A4F7556}") = "XUnitTest", "XUnitTest\XUnitTest.csproj", "{08A39462-0531-45AB-ACBB-03F62AF4400F}"
EndProject
Project("{2150E333-8FDC-42A3-9474-1A3956D46DE8}") = "Solution Items", "Solution Items", "{719C113A-6804-4150-8473-BF889F06DFD6}"
	ProjectSection(SolutionItems) = preProject
		.editorconfig = .editorconfig
		.github\workflows\publish-beta.yml = .github\workflows\publish-beta.yml
		.github\workflows\publish.yml = .github\workflows\publish.yml
		Readme.MD = Readme.MD
		.github\workflows\test.yml = .github\workflows\test.yml
	EndProjectSection
EndProject
Project("{9A19103F-16F7-4668-BE54-9A1E7A4F7556}") = "NewLife.Yuque", "NewLife.Yuque\NewLife.Yuque.csproj", "{CC0B8977-F646-4211-BC1F-CD2BCA28971D}"
EndProject
Project("{9A19103F-16F7-4668-BE54-9A1E7A4F7556}") = "NewLife.YuqueWeb", "NewLife.YuqueWeb\NewLife.YuqueWeb.csproj", "{D7B1576C-2B4D-4733-A6A3-DAEFCA95B8B4}"
EndProject
Project("{9A19103F-16F7-4668-BE54-9A1E7A4F7556}") = "YqWeb", "YqWeb\YqWeb.csproj", "{271C5F95-20EF-43E8-A6E6-22FDCD1B06F6}"
EndProject
Global
	GlobalSection(SolutionConfigurationPlatforms) = preSolution
		Debug|Any CPU = Debug|Any CPU
		Release|Any CPU = Release|Any CPU
	EndGlobalSection
	GlobalSection(ProjectConfigurationPlatforms) = postSolution
		{582E00A2-4FA4-41DC-84AD-EE264A9FF4D8}.Debug|Any CPU.ActiveCfg = Debug|Any CPU
		{582E00A2-4FA4-41DC-84AD-EE264A9FF4D8}.Debug|Any CPU.Build.0 = Debug|Any CPU
		{582E00A2-4FA4-41DC-84AD-EE264A9FF4D8}.Release|Any CPU.ActiveCfg = Release|Any CPU
		{582E00A2-4FA4-41DC-84AD-EE264A9FF4D8}.Release|Any CPU.Build.0 = Release|Any CPU
		{08A39462-0531-45AB-ACBB-03F62AF4400F}.Debug|Any CPU.ActiveCfg = Debug|Any CPU
		{08A39462-0531-45AB-ACBB-03F62AF4400F}.Debug|Any CPU.Build.0 = Debug|Any CPU
		{08A39462-0531-45AB-ACBB-03F62AF4400F}.Release|Any CPU.ActiveCfg = Release|Any CPU
		{08A39462-0531-45AB-ACBB-03F62AF4400F}.Release|Any CPU.Build.0 = Release|Any CPU
		{CC0B8977-F646-4211-BC1F-CD2BCA28971D}.Debug|Any CPU.ActiveCfg = Debug|Any CPU
		{CC0B8977-F646-4211-BC1F-CD2BCA28971D}.Debug|Any CPU.Build.0 = Debug|Any CPU
		{CC0B8977-F646-4211-BC1F-CD2BCA28971D}.Release|Any CPU.ActiveCfg = Release|Any CPU
		{CC0B8977-F646-4211-BC1F-CD2BCA28971D}.Release|Any CPU.Build.0 = Release|Any CPU
		{D7B1576C-2B4D-4733-A6A3-DAEFCA95B8B4}.Debug|Any CPU.ActiveCfg = Debug|Any CPU
		{D7B1576C-2B4D-4733-A6A3-DAEFCA95B8B4}.Debug|Any CPU.Build.0 = Debug|Any CPU
		{D7B1576C-2B4D-4733-A6A3-DAEFCA95B8B4}.Release|Any CPU.ActiveCfg = Release|Any CPU
		{D7B1576C-2B4D-4733-A6A3-DAEFCA95B8B4}.Release|Any CPU.Build.0 = Release|Any CPU
		{271C5F95-20EF-43E8-A6E6-22FDCD1B06F6}.Debug|Any CPU.ActiveCfg = Debug|Any CPU
		{271C5F95-20EF-43E8-A6E6-22FDCD1B06F6}.Debug|Any CPU.Build.0 = Debug|Any CPU
		{271C5F95-20EF-43E8-A6E6-22FDCD1B06F6}.Release|Any CPU.ActiveCfg = Release|Any CPU
		{271C5F95-20EF-43E8-A6E6-22FDCD1B06F6}.Release|Any CPU.Build.0 = Release|Any CPU
	EndGlobalSection
	GlobalSection(SolutionProperties) = preSolution
		HideSolutionNode = FALSE
	EndGlobalSection
	GlobalSection(ExtensibilityGlobals) = postSolution
		SolutionGuid = {323831A1-A95B-40AB-B9AD-36A0BC10C2CB}
	EndGlobalSection
EndGlobal
